
Microsoft Visual Studio Solution File, Format Version 12.00
# Visual Studio Version 17
VisualStudioVersion = 17.0.31903.59
MinimumVisualStudioVersion = 10.0.40219.1
Project("{2150E333-8FDC-42A3-9474-1A3956D46DE8}") = "src", "src", "{827E0CD3-B72D-47B6-A68D-7590B98EB39B}"
EndProject
Project("{FAE04EC0-301F-11D3-BF4B-00C04F79EFBC}") = "TheShop.Api", "src\TheShop.Api\TheShop.Api.csproj", "{40CB5C2E-C0F4-4A0D-90EE-93AC9B829AFE}"
EndProject
Project("{2150E333-8FDC-42A3-9474-1A3956D46DE8}") = "SharedKernel", "SharedKernel", "{85F909CB-8F14-ECC8-BA9D-713D1771907F}"
EndProject
Project("{FAE04EC0-301F-11D3-BF4B-00C04F79EFBC}") = "TheShop.SharedKernel", "src\SharedKernel\TheShop.SharedKernel.csproj", "{5035A31C-2193-4E45-A445-2C5ED1F575EE}"
EndProject
Project("{2150E333-8FDC-42A3-9474-1A3956D46DE8}") = "Modules", "Modules", "{EC447DCF-ABFA-6E24-52A5-D7FD48A5C558}"
EndProject
Project("{2150E333-8FDC-42A3-9474-1A3956D46DE8}") = "Identity", "Identity", "{0EC62A1A-9858-3A60-8A0C-FC9AACFA2EC7}"
EndProject
Project("{FAE04EC0-301F-11D3-BF4B-00C04F79EFBC}") = "Identity.Domain", "src\Modules\Identity\Identity.Domain\Identity.Domain.csproj", "{3DD816A9-4D11-4762-8750-B77F104506CE}"
EndProject
Project("{FAE04EC0-301F-11D3-BF4B-00C04F79EFBC}") = "Identity.Application", "src\Modules\Identity\Identity.Application\Identity.Application.csproj", "{09169A1D-6452-4C8C-943E-95B9BC5C90A7}"
EndProject
Project("{2150E333-8FDC-42A3-9474-1A3956D46DE8}") = "Catalog", "Catalog", "{1E1EF545-4C18-AEE2-B997-7EF431518D3F}"
EndProject
Project("{FAE04EC0-301F-11D3-BF4B-00C04F79EFBC}") = "Catalog.Domain", "src\Modules\Catalog\Catalog.Domain\Catalog.Domain.csproj", "{CFBEE944-8022-4814-99C6-175C12E5814E}"
EndProject
Project("{FAE04EC0-301F-11D3-BF4B-00C04F79EFBC}") = "Catalog.Application", "src\Modules\Catalog\Catalog.Application\Catalog.Application.csproj", "{01649A0C-EB09-4AF3-BD1D-D910AB6D2305}"
EndProject
Project("{2150E333-8FDC-42A3-9474-1A3956D46DE8}") = "Basket", "Basket", "{7C7CF50A-0D15-13C7-5A99-B2A25455D9BA}"
EndProject
Project("{FAE04EC0-301F-11D3-BF4B-00C04F79EFBC}") = "Basket.Domain", "src\Modules\Basket\Basket.Domain\Basket.Domain.csproj", "{E4173315-3E2D-4C56-9720-31247796D252}"
EndProject
Project("{FAE04EC0-301F-11D3-BF4B-00C04F79EFBC}") = "Basket.Application", "src\Modules\Basket\Basket.Application\Basket.Application.csproj", "{8243F661-4B42-4F12-A1FA-217104DB6962}"
EndProject
Project("{2150E333-8FDC-42A3-9474-1A3956D46DE8}") = "Ordering", "Ordering", "{1652FDBE-FD70-10D2-8806-7EAA51A58284}"
EndProject
Project("{FAE04EC0-301F-11D3-BF4B-00C04F79EFBC}") = "Ordering.Domain", "src\Modules\Ordering\Ordering.Domain\Ordering.Domain.csproj", "{F0912B6E-7807-4B62-97CE-E01AAC2249D7}"
EndProject
Project("{FAE04EC0-301F-11D3-BF4B-00C04F79EFBC}") = "Ordering.Application", "src\Modules\Ordering\Ordering.Application\Ordering.Application.csproj", "{E6C56489-D4AD-4ECC-BF63-B5E5A85D2F45}"
EndProject
Project("{2150E333-8FDC-42A3-9474-1A3956D46DE8}") = "Chatbot", "Chatbot", "{A1B2C3D4-E5F6-7890-ABCD-EF1234567890}"
EndProject
Project("{FAE04EC0-301F-11D3-BF4B-00C04F79EFBC}") = "Chatbot.Application", "src\Modules\Chatbot\Chatbot.Application\Chatbot.Application.csproj", "{B2C3D4E5-F6A7-8901-BCDE-F12345678901}"
EndProject
Project("{FAE04EC0-301F-11D3-BF4B-00C04F79EFBC}") = "Chatbot.Infrastructure", "src\Modules\Chatbot\Chatbot.Infrastructure\Chatbot.Infrastructure.csproj", "{C3D4E5F6-A7B8-9012-CDEF-123456789012}"
EndProject
Project("{2150E333-8FDC-42A3-9474-1A3956D46DE8}") = "Infrastructure", "Infrastructure", "{9048EB7F-3875-A59E-E36B-5BD4C6F2A282}"
EndProject
Project("{FAE04EC0-301F-11D3-BF4B-00C04F79EFBC}") = "TheShop.Infrastructure", "src\Infrastructure\TheShop.Infrastructure\TheShop.Infrastructure.csproj", "{ACD12B78-C139-42FB-9F0F-64F93D6D3725}"
EndProject
Project("{FAE04EC0-301F-11D3-BF4B-00C04F79EFBC}") = "TheShop.Messaging", "src\Infrastructure\TheShop.Messaging\TheShop.Messaging.csproj", "{0FB62521-C185-4E8B-8465-E790C39FCE2C}"
EndProject
Project("{FAE04EC0-301F-11D3-BF4B-00C04F79EFBC}") = "TheShop.ServiceDefaults", "src\Infrastructure\TheShop.ServiceDefaults\TheShop.ServiceDefaults.csproj", "{61C7B7AC-4303-410C-8C60-B917CF477E20}"
EndProject
Project("{2150E333-8FDC-42A3-9474-1A3956D46DE8}") = "tests", "tests", "{0AB3BF05-4346-4AA6-1389-037BE0695223}"
EndProject
Project("{FAE04EC0-301F-11D3-BF4B-00C04F79EFBC}") = "TheShop.UnitTests", "tests\TheShop.UnitTests\TheShop.UnitTests.csproj", "{66217398-8489-4AAA-BFD6-038351132544}"
EndProject
Project("{FAE04EC0-301F-11D3-BF4B-00C04F79EFBC}") = "TheShop.IntegrationTests", "tests\TheShop.IntegrationTests\TheShop.IntegrationTests.csproj", "{D2CC5450-0476-4868-8D64-0BD518CD84AC}"
EndProject
Project("{2150E333-8FDC-42A3-9474-1A3956D46DE8}") = "clients", "clients", "{9123F88B-E531-3118-42D7-ED8CEF4BD00E}"
EndProject
Project("{FAE04EC0-301F-11D3-BF4B-00C04F79EFBC}") = "TheShop.WebApp", "clients\TheShop.WebApp\TheShop.WebApp.csproj", "{B0AF88BD-76E0-4517-A148-96C947881371}"
EndProject
Project("{FAE04EC0-301F-11D3-BF4B-00C04F79EFBC}") = "TheShop.AppHost", "src\TheShop.AppHost\TheShop.AppHost.csproj", "{45EE478B-DB28-4EB5-8765-64CB71E130AF}"
EndProject
Project("{2150E333-8FDC-42A3-9474-1A3956D46DE8}") = "tools", "tools", "{07C2787E-EAC7-C090-1BA3-A61EC2A24D84}"
EndProject
Project("{FAE04EC0-301F-11D3-BF4B-00C04F79EFBC}") = "ClientGenerator", "tools\ClientGenerator\ClientGenerator.csproj", "{5520B537-FDE9-4BCC-8C24-59F5D66F233A}"
EndProject
Global
	GlobalSection(SolutionConfigurationPlatforms) = preSolution
		Debug|Any CPU = Debug|Any CPU
		Debug|x64 = Debug|x64
		Debug|x86 = Debug|x86
		Release|Any CPU = Release|Any CPU
		Release|x64 = Release|x64
		Release|x86 = Release|x86
	EndGlobalSection
	GlobalSection(ProjectConfigurationPlatforms) = postSolution
		{40CB5C2E-C0F4-4A0D-90EE-93AC9B829AFE}.Debug|Any CPU.ActiveCfg = Debug|Any CPU
		{40CB5C2E-C0F4-4A0D-90EE-93AC9B829AFE}.Debug|Any CPU.Build.0 = Debug|Any CPU
		{40CB5C2E-C0F4-4A0D-90EE-93AC9B829AFE}.Debug|x64.ActiveCfg = Debug|Any CPU
		{40CB5C2E-C0F4-4A0D-90EE-93AC9B829AFE}.Debug|x64.Build.0 = Debug|Any CPU
		{40CB5C2E-C0F4-4A0D-90EE-93AC9B829AFE}.Debug|x86.ActiveCfg = Debug|Any CPU
		{40CB5C2E-C0F4-4A0D-90EE-93AC9B829AFE}.Debug|x86.Build.0 = Debug|Any CPU
		{40CB5C2E-C0F4-4A0D-90EE-93AC9B829AFE}.Release|Any CPU.ActiveCfg = Release|Any CPU
		{40CB5C2E-C0F4-4A0D-90EE-93AC9B829AFE}.Release|Any CPU.Build.0 = Release|Any CPU
		{40CB5C2E-C0F4-4A0D-90EE-93AC9B829AFE}.Release|x64.ActiveCfg = Release|Any CPU
		{40CB5C2E-C0F4-4A0D-90EE-93AC9B829AFE}.Release|x64.Build.0 = Release|Any CPU
		{40CB5C2E-C0F4-4A0D-90EE-93AC9B829AFE}.Release|x86.ActiveCfg = Release|Any CPU
		{40CB5C2E-C0F4-4A0D-90EE-93AC9B829AFE}.Release|x86.Build.0 = Release|Any CPU
		{5035A31C-2193-4E45-A445-2C5ED1F575EE}.Debug|Any CPU.ActiveCfg = Debug|Any CPU
		{5035A31C-2193-4E45-A445-2C5ED1F575EE}.Debug|Any CPU.Build.0 = Debug|Any CPU
		{5035A31C-2193-4E45-A445-2C5ED1F575EE}.Debug|x64.ActiveCfg = Debug|Any CPU
		{5035A31C-2193-4E45-A445-2C5ED1F575EE}.Debug|x64.Build.0 = Debug|Any CPU
		{5035A31C-2193-4E45-A445-2C5ED1F575EE}.Debug|x86.ActiveCfg = Debug|Any CPU
		{5035A31C-2193-4E45-A445-2C5ED1F575EE}.Debug|x86.Build.0 = Debug|Any CPU
		{5035A31C-2193-4E45-A445-2C5ED1F575EE}.Release|Any CPU.ActiveCfg = Release|Any CPU
		{5035A31C-2193-4E45-A445-2C5ED1F575EE}.Release|Any CPU.Build.0 = Release|Any CPU
		{5035A31C-2193-4E45-A445-2C5ED1F575EE}.Release|x64.ActiveCfg = Release|Any CPU
		{5035A31C-2193-4E45-A445-2C5ED1F575EE}.Release|x64.Build.0 = Release|Any CPU
		{5035A31C-2193-4E45-A445-2C5ED1F575EE}.Release|x86.ActiveCfg = Release|Any CPU
		{5035A31C-2193-4E45-A445-2C5ED1F575EE}.Release|x86.Build.0 = Release|Any CPU
		{3DD816A9-4D11-4762-8750-B77F104506CE}.Debug|Any CPU.ActiveCfg = Debug|Any CPU
		{3DD816A9-4D11-4762-8750-B77F104506CE}.Debug|Any CPU.Build.0 = Debug|Any CPU
		{3DD816A9-4D11-4762-8750-B77F104506CE}.Debug|x64.ActiveCfg = Debug|Any CPU
		{3DD816A9-4D11-4762-8750-B77F104506CE}.Debug|x64.Build.0 = Debug|Any CPU
		{3DD816A9-4D11-4762-8750-B77F104506CE}.Debug|x86.ActiveCfg = Debug|Any CPU
		{3DD816A9-4D11-4762-8750-B77F104506CE}.Debug|x86.Build.0 = Debug|Any CPU
		{3DD816A9-4D11-4762-8750-B77F104506CE}.Release|Any CPU.ActiveCfg = Release|Any CPU
		{3DD816A9-4D11-4762-8750-B77F104506CE}.Release|Any CPU.Build.0 = Release|Any CPU
		{3DD816A9-4D11-4762-8750-B77F104506CE}.Release|x64.ActiveCfg = Release|Any CPU
		{3DD816A9-4D11-4762-8750-B77F104506CE}.Release|x64.Build.0 = Release|Any CPU
		{3DD816A9-4D11-4762-8750-B77F104506CE}.Release|x86.ActiveCfg = Release|Any CPU
		{3DD816A9-4D11-4762-8750-B77F104506CE}.Release|x86.Build.0 = Release|Any CPU
		{09169A1D-6452-4C8C-943E-95B9BC5C90A7}.Debug|Any CPU.ActiveCfg = Debug|Any CPU
		{09169A1D-6452-4C8C-943E-95B9BC5C90A7}.Debug|Any CPU.Build.0 = Debug|Any CPU
		{09169A1D-6452-4C8C-943E-95B9BC5C90A7}.Debug|x64.ActiveCfg = Debug|Any CPU
		{09169A1D-6452-4C8C-943E-95B9BC5C90A7}.Debug|x64.Build.0 = Debug|Any CPU
		{09169A1D-6452-4C8C-943E-95B9BC5C90A7}.Debug|x86.ActiveCfg = Debug|Any CPU
		{09169A1D-6452-4C8C-943E-95B9BC5C90A7}.Debug|x86.Build.0 = Debug|Any CPU
		{09169A1D-6452-4C8C-943E-95B9BC5C90A7}.Release|Any CPU.ActiveCfg = Release|Any CPU
		{09169A1D-6452-4C8C-943E-95B9BC5C90A7}.Release|Any CPU.Build.0 = Release|Any CPU
		{09169A1D-6452-4C8C-943E-95B9BC5C90A7}.Release|x64.ActiveCfg = Release|Any CPU
		{09169A1D-6452-4C8C-943E-95B9BC5C90A7}.Release|x64.Build.0 = Release|Any CPU
		{09169A1D-6452-4C8C-943E-95B9BC5C90A7}.Release|x86.ActiveCfg = Release|Any CPU
		{09169A1D-6452-4C8C-943E-95B9BC5C90A7}.Release|x86.Build.0 = Release|Any CPU
		{CFBEE944-8022-4814-99C6-175C12E5814E}.Debug|Any CPU.ActiveCfg = Debug|Any CPU
		{CFBEE944-8022-4814-99C6-175C12E5814E}.Debug|Any CPU.Build.0 = Debug|Any CPU
		{CFBEE944-8022-4814-99C6-175C12E5814E}.Debug|x64.ActiveCfg = Debug|Any CPU
		{CFBEE944-8022-4814-99C6-175C12E5814E}.Debug|x64.Build.0 = Debug|Any CPU
		{CFBEE944-8022-4814-99C6-175C12E5814E}.Debug|x86.ActiveCfg = Debug|Any CPU
		{CFBEE944-8022-4814-99C6-175C12E5814E}.Debug|x86.Build.0 = Debug|Any CPU
		{CFBEE944-8022-4814-99C6-175C12E5814E}.Release|Any CPU.ActiveCfg = Release|Any CPU
		{CFBEE944-8022-4814-99C6-175C12E5814E}.Release|Any CPU.Build.0 = Release|Any CPU
		{CFBEE944-8022-4814-99C6-175C12E5814E}.Release|x64.ActiveCfg = Release|Any CPU
		{CFBEE944-8022-4814-99C6-175C12E5814E}.Release|x64.Build.0 = Release|Any CPU
		{CFBEE944-8022-4814-99C6-175C12E5814E}.Release|x86.ActiveCfg = Release|Any CPU
		{CFBEE944-8022-4814-99C6-175C12E5814E}.Release|x86.Build.0 = Release|Any CPU
		{01649A0C-EB09-4AF3-BD1D-D910AB6D2305}.Debug|Any CPU.ActiveCfg = Debug|Any CPU
		{01649A0C-EB09-4AF3-BD1D-D910AB6D2305}.Debug|Any CPU.Build.0 = Debug|Any CPU
		{01649A0C-EB09-4AF3-BD1D-D910AB6D2305}.Debug|x64.ActiveCfg = Debug|Any CPU
		{01649A0C-EB09-4AF3-BD1D-D910AB6D2305}.Debug|x64.Build.0 = Debug|Any CPU
		{01649A0C-EB09-4AF3-BD1D-D910AB6D2305}.Debug|x86.ActiveCfg = Debug|Any CPU
		{01649A0C-EB09-4AF3-BD1D-D910AB6D2305}.Debug|x86.Build.0 = Debug|Any CPU
		{01649A0C-EB09-4AF3-BD1D-D910AB6D2305}.Release|Any CPU.ActiveCfg = Release|Any CPU
		{01649A0C-EB09-4AF3-BD1D-D910AB6D2305}.Release|Any CPU.Build.0 = Release|Any CPU
		{01649A0C-EB09-4AF3-BD1D-D910AB6D2305}.Release|x64.ActiveCfg = Release|Any CPU
		{01649A0C-EB09-4AF3-BD1D-D910AB6D2305}.Release|x64.Build.0 = Release|Any CPU
		{01649A0C-EB09-4AF3-BD1D-D910AB6D2305}.Release|x86.ActiveCfg = Release|Any CPU
		{01649A0C-EB09-4AF3-BD1D-D910AB6D2305}.Release|x86.Build.0 = Release|Any CPU
		{E4173315-3E2D-4C56-9720-31247796D252}.Debug|Any CPU.ActiveCfg = Debug|Any CPU
		{E4173315-3E2D-4C56-9720-31247796D252}.Debug|Any CPU.Build.0 = Debug|Any CPU
		{E4173315-3E2D-4C56-9720-31247796D252}.Debug|x64.ActiveCfg = Debug|Any CPU
		{E4173315-3E2D-4C56-9720-31247796D252}.Debug|x64.Build.0 = Debug|Any CPU
		{E4173315-3E2D-4C56-9720-31247796D252}.Debug|x86.ActiveCfg = Debug|Any CPU
		{E4173315-3E2D-4C56-9720-31247796D252}.Debug|x86.Build.0 = Debug|Any CPU
		{E4173315-3E2D-4C56-9720-31247796D252}.Release|Any CPU.ActiveCfg = Release|Any CPU
		{E4173315-3E2D-4C56-9720-31247796D252}.Release|Any CPU.Build.0 = Release|Any CPU
		{E4173315-3E2D-4C56-9720-31247796D252}.Release|x64.ActiveCfg = Release|Any CPU
		{E4173315-3E2D-4C56-9720-31247796D252}.Release|x64.Build.0 = Release|Any CPU
		{E4173315-3E2D-4C56-9720-31247796D252}.Release|x86.ActiveCfg = Release|Any CPU
		{E4173315-3E2D-4C56-9720-31247796D252}.Release|x86.Build.0 = Release|Any CPU
		{8243F661-4B42-4F12-A1FA-217104DB6962}.Debug|Any CPU.ActiveCfg = Debug|Any CPU
		{8243F661-4B42-4F12-A1FA-217104DB6962}.Debug|Any CPU.Build.0 = Debug|Any CPU
		{8243F661-4B42-4F12-A1FA-217104DB6962}.Debug|x64.ActiveCfg = Debug|Any CPU
		{8243F661-4B42-4F12-A1FA-217104DB6962}.Debug|x64.Build.0 = Debug|Any CPU
		{8243F661-4B42-4F12-A1FA-217104DB6962}.Debug|x86.ActiveCfg = Debug|Any CPU
		{8243F661-4B42-4F12-A1FA-217104DB6962}.Debug|x86.Build.0 = Debug|Any CPU
		{8243F661-4B42-4F12-A1FA-217104DB6962}.Release|Any CPU.ActiveCfg = Release|Any CPU
		{8243F661-4B42-4F12-A1FA-217104DB6962}.Release|Any CPU.Build.0 = Release|Any CPU
		{8243F661-4B42-4F12-A1FA-217104DB6962}.Release|x64.ActiveCfg = Release|Any CPU
		{8243F661-4B42-4F12-A1FA-217104DB6962}.Release|x64.Build.0 = Release|Any CPU
		{8243F661-4B42-4F12-A1FA-217104DB6962}.Release|x86.ActiveCfg = Release|Any CPU
		{8243F661-4B42-4F12-A1FA-217104DB6962}.Release|x86.Build.0 = Release|Any CPU
		{F0912B6E-7807-4B62-97CE-E01AAC2249D7}.Debug|Any CPU.ActiveCfg = Debug|Any CPU
		{F0912B6E-7807-4B62-97CE-E01AAC2249D7}.Debug|Any CPU.Build.0 = Debug|Any CPU
		{F0912B6E-7807-4B62-97CE-E01AAC2249D7}.Debug|x64.ActiveCfg = Debug|Any CPU
		{F0912B6E-7807-4B62-97CE-E01AAC2249D7}.Debug|x64.Build.0 = Debug|Any CPU
		{F0912B6E-7807-4B62-97CE-E01AAC2249D7}.Debug|x86.ActiveCfg = Debug|Any CPU
		{F0912B6E-7807-4B62-97CE-E01AAC2249D7}.Debug|x86.Build.0 = Debug|Any CPU
		{F0912B6E-7807-4B62-97CE-E01AAC2249D7}.Release|Any CPU.ActiveCfg = Release|Any CPU
		{F0912B6E-7807-4B62-97CE-E01AAC2249D7}.Release|Any CPU.Build.0 = Release|Any CPU
		{F0912B6E-7807-4B62-97CE-E01AAC2249D7}.Release|x64.ActiveCfg = Release|Any CPU
		{F0912B6E-7807-4B62-97CE-E01AAC2249D7}.Release|x64.Build.0 = Release|Any CPU
		{F0912B6E-7807-4B62-97CE-E01AAC2249D7}.Release|x86.ActiveCfg = Release|Any CPU
		{F0912B6E-7807-4B62-97CE-E01AAC2249D7}.Release|x86.Build.0 = Release|Any CPU
		{E6C56489-D4AD-4ECC-BF63-B5E5A85D2F45}.Debug|Any CPU.ActiveCfg = Debug|Any CPU
		{E6C56489-D4AD-4ECC-BF63-B5E5A85D2F45}.Debug|Any CPU.Build.0 = Debug|Any CPU
		{E6C56489-D4AD-4ECC-BF63-B5E5A85D2F45}.Debug|x64.ActiveCfg = Debug|Any CPU
		{E6C56489-D4AD-4ECC-BF63-B5E5A85D2F45}.Debug|x64.Build.0 = Debug|Any CPU
		{E6C56489-D4AD-4ECC-BF63-B5E5A85D2F45}.Debug|x86.ActiveCfg = Debug|Any CPU
		{E6C56489-D4AD-4ECC-BF63-B5E5A85D2F45}.Debug|x86.Build.0 = Debug|Any CPU
		{E6C56489-D4AD-4ECC-BF63-B5E5A85D2F45}.Release|Any CPU.ActiveCfg = Release|Any CPU
		{E6C56489-D4AD-4ECC-BF63-B5E5A85D2F45}.Release|Any CPU.Build.0 = Release|Any CPU
		{E6C56489-D4AD-4ECC-BF63-B5E5A85D2F45}.Release|x64.ActiveCfg = Release|Any CPU
		{E6C56489-D4AD-4ECC-BF63-B5E5A85D2F45}.Release|x64.Build.0 = Release|Any CPU
		{E6C56489-D4AD-4ECC-BF63-B5E5A85D2F45}.Release|x86.ActiveCfg = Release|Any CPU
		{E6C56489-D4AD-4ECC-BF63-B5E5A85D2F45}.Release|x86.Build.0 = Release|Any CPU
		{ACD12B78-C139-42FB-9F0F-64F93D6D3725}.Debug|Any CPU.ActiveCfg = Debug|Any CPU
		{ACD12B78-C139-42FB-9F0F-64F93D6D3725}.Debug|Any CPU.Build.0 = Debug|Any CPU
		{ACD12B78-C139-42FB-9F0F-64F93D6D3725}.Debug|x64.ActiveCfg = Debug|Any CPU
		{ACD12B78-C139-42FB-9F0F-64F93D6D3725}.Debug|x64.Build.0 = Debug|Any CPU
		{ACD12B78-C139-42FB-9F0F-64F93D6D3725}.Debug|x86.ActiveCfg = Debug|Any CPU
		{ACD12B78-C139-42FB-9F0F-64F93D6D3725}.Debug|x86.Build.0 = Debug|Any CPU
		{ACD12B78-C139-42FB-9F0F-64F93D6D3725}.Release|Any CPU.ActiveCfg = Release|Any CPU
		{ACD12B78-C139-42FB-9F0F-64F93D6D3725}.Release|Any CPU.Build.0 = Release|Any CPU
		{ACD12B78-C139-42FB-9F0F-64F93D6D3725}.Release|x64.ActiveCfg = Release|Any CPU
		{ACD12B78-C139-42FB-9F0F-64F93D6D3725}.Release|x64.Build.0 = Release|Any CPU
		{ACD12B78-C139-42FB-9F0F-64F93D6D3725}.Release|x86.ActiveCfg = Release|Any CPU
		{ACD12B78-C139-42FB-9F0F-64F93D6D3725}.Release|x86.Build.0 = Release|Any CPU
		{0FB62521-C185-4E8B-8465-E790C39FCE2C}.Debug|Any CPU.ActiveCfg = Debug|Any CPU
		{0FB62521-C185-4E8B-8465-E790C39FCE2C}.Debug|Any CPU.Build.0 = Debug|Any CPU
		{0FB62521-C185-4E8B-8465-E790C39FCE2C}.Debug|x64.ActiveCfg = Debug|Any CPU
		{0FB62521-C185-4E8B-8465-E790C39FCE2C}.Debug|x64.Build.0 = Debug|Any CPU
		{0FB62521-C185-4E8B-8465-E790C39FCE2C}.Debug|x86.ActiveCfg = Debug|Any CPU
		{0FB62521-C185-4E8B-8465-E790C39FCE2C}.Debug|x86.Build.0 = Debug|Any CPU
		{0FB62521-C185-4E8B-8465-E790C39FCE2C}.Release|Any CPU.ActiveCfg = Release|Any CPU
		{0FB62521-C185-4E8B-8465-E790C39FCE2C}.Release|Any CPU.Build.0 = Release|Any CPU
		{0FB62521-C185-4E8B-8465-E790C39FCE2C}.Release|x64.ActiveCfg = Release|Any CPU
		{0FB62521-C185-4E8B-8465-E790C39FCE2C}.Release|x64.Build.0 = Release|Any CPU
		{0FB62521-C185-4E8B-8465-E790C39FCE2C}.Release|x86.ActiveCfg = Release|Any CPU
		{0FB62521-C185-4E8B-8465-E790C39FCE2C}.Release|x86.Build.0 = Release|Any CPU
		{61C7B7AC-4303-410C-8C60-B917CF477E20}.Debug|Any CPU.ActiveCfg = Debug|Any CPU
		{61C7B7AC-4303-410C-8C60-B917CF477E20}.Debug|Any CPU.Build.0 = Debug|Any CPU
		{61C7B7AC-4303-410C-8C60-B917CF477E20}.Debug|x64.ActiveCfg = Debug|Any CPU
		{61C7B7AC-4303-410C-8C60-B917CF477E20}.Debug|x64.Build.0 = Debug|Any CPU
		{61C7B7AC-4303-410C-8C60-B917CF477E20}.Debug|x86.ActiveCfg = Debug|Any CPU
		{61C7B7AC-4303-410C-8C60-B917CF477E20}.Debug|x86.Build.0 = Debug|Any CPU
		{61C7B7AC-4303-410C-8C60-B917CF477E20}.Release|Any CPU.ActiveCfg = Release|Any CPU
		{61C7B7AC-4303-410C-8C60-B917CF477E20}.Release|Any CPU.Build.0 = Release|Any CPU
		{61C7B7AC-4303-410C-8C60-B917CF477E20}.Release|x64.ActiveCfg = Release|Any CPU
		{61C7B7AC-4303-410C-8C60-B917CF477E20}.Release|x64.Build.0 = Release|Any CPU
		{61C7B7AC-4303-410C-8C60-B917CF477E20}.Release|x86.ActiveCfg = Release|Any CPU
		{61C7B7AC-4303-410C-8C60-B917CF477E20}.Release|x86.Build.0 = Release|Any CPU
		{66217398-8489-4AAA-BFD6-038351132544}.Debug|Any CPU.ActiveCfg = Debug|Any CPU
		{66217398-8489-4AAA-BFD6-038351132544}.Debug|Any CPU.Build.0 = Debug|Any CPU
		{66217398-8489-4AAA-BFD6-038351132544}.Debug|x64.ActiveCfg = Debug|Any CPU
		{66217398-8489-4AAA-BFD6-038351132544}.Debug|x64.Build.0 = Debug|Any CPU
		{66217398-8489-4AAA-BFD6-038351132544}.Debug|x86.ActiveCfg = Debug|Any CPU
		{66217398-8489-4AAA-BFD6-038351132544}.Debug|x86.Build.0 = Debug|Any CPU
		{66217398-8489-4AAA-BFD6-038351132544}.Release|Any CPU.ActiveCfg = Release|Any CPU
		{66217398-8489-4AAA-BFD6-038351132544}.Release|Any CPU.Build.0 = Release|Any CPU
		{66217398-8489-4AAA-BFD6-038351132544}.Release|x64.ActiveCfg = Release|Any CPU
		{66217398-8489-4AAA-BFD6-038351132544}.Release|x64.Build.0 = Release|Any CPU
		{66217398-8489-4AAA-BFD6-038351132544}.Release|x86.ActiveCfg = Release|Any CPU
		{66217398-8489-4AAA-BFD6-038351132544}.Release|x86.Build.0 = Release|Any CPU
		{D2CC5450-0476-4868-8D64-0BD518CD84AC}.Debug|Any CPU.ActiveCfg = Debug|Any CPU
		{D2CC5450-0476-4868-8D64-0BD518CD84AC}.Debug|Any CPU.Build.0 = Debug|Any CPU
		{D2CC5450-0476-4868-8D64-0BD518CD84AC}.Debug|x64.ActiveCfg = Debug|Any CPU
		{D2CC5450-0476-4868-8D64-0BD518CD84AC}.Debug|x64.Build.0 = Debug|Any CPU
		{D2CC5450-0476-4868-8D64-0BD518CD84AC}.Debug|x86.ActiveCfg = Debug|Any CPU
		{D2CC5450-0476-4868-8D64-0BD518CD84AC}.Debug|x86.Build.0 = Debug|Any CPU
		{D2CC5450-0476-4868-8D64-0BD518CD84AC}.Release|Any CPU.ActiveCfg = Release|Any CPU
		{D2CC5450-0476-4868-8D64-0BD518CD84AC}.Release|Any CPU.Build.0 = Release|Any CPU
		{D2CC5450-0476-4868-8D64-0BD518CD84AC}.Release|x64.ActiveCfg = Release|Any CPU
		{D2CC5450-0476-4868-8D64-0BD518CD84AC}.Release|x64.Build.0 = Release|Any CPU
		{D2CC5450-0476-4868-8D64-0BD518CD84AC}.Release|x86.ActiveCfg = Release|Any CPU
		{D2CC5450-0476-4868-8D64-0BD518CD84AC}.Release|x86.Build.0 = Release|Any CPU
		{B0AF88BD-76E0-4517-A148-96C947881371}.Debug|Any CPU.ActiveCfg = Debug|Any CPU
		{B0AF88BD-76E0-4517-A148-96C947881371}.Debug|Any CPU.Build.0 = Debug|Any CPU
		{B0AF88BD-76E0-4517-A148-96C947881371}.Debug|x64.ActiveCfg = Debug|Any CPU
		{B0AF88BD-76E0-4517-A148-96C947881371}.Debug|x64.Build.0 = Debug|Any CPU
		{B0AF88BD-76E0-4517-A148-96C947881371}.Debug|x86.ActiveCfg = Debug|Any CPU
		{B0AF88BD-76E0-4517-A148-96C947881371}.Debug|x86.Build.0 = Debug|Any CPU
		{B0AF88BD-76E0-4517-A148-96C947881371}.Release|Any CPU.ActiveCfg = Release|Any CPU
		{B0AF88BD-76E0-4517-A148-96C947881371}.Release|Any CPU.Build.0 = Release|Any CPU
		{B0AF88BD-76E0-4517-A148-96C947881371}.Release|x64.ActiveCfg = Release|Any CPU
		{B0AF88BD-76E0-4517-A148-96C947881371}.Release|x64.Build.0 = Release|Any CPU
		{B0AF88BD-76E0-4517-A148-96C947881371}.Release|x86.ActiveCfg = Release|Any CPU
		{B0AF88BD-76E0-4517-A148-96C947881371}.Release|x86.Build.0 = Release|Any CPU
		{45EE478B-DB28-4EB5-8765-64CB71E130AF}.Debug|Any CPU.ActiveCfg = Debug|Any CPU
		{45EE478B-DB28-4EB5-8765-64CB71E130AF}.Debug|Any CPU.Build.0 = Debug|Any CPU
		{45EE478B-DB28-4EB5-8765-64CB71E130AF}.Debug|x64.ActiveCfg = Debug|Any CPU
		{45EE478B-DB28-4EB5-8765-64CB71E130AF}.Debug|x64.Build.0 = Debug|Any CPU
		{45EE478B-DB28-4EB5-8765-64CB71E130AF}.Debug|x86.ActiveCfg = Debug|Any CPU
		{45EE478B-DB28-4EB5-8765-64CB71E130AF}.Debug|x86.Build.0 = Debug|Any CPU
		{45EE478B-DB28-4EB5-8765-64CB71E130AF}.Release|Any CPU.ActiveCfg = Release|Any CPU
		{45EE478B-DB28-4EB5-8765-64CB71E130AF}.Release|Any CPU.Build.0 = Release|Any CPU
		{45EE478B-DB28-4EB5-8765-64CB71E130AF}.Release|x64.ActiveCfg = Release|Any CPU
		{45EE478B-DB28-4EB5-8765-64CB71E130AF}.Release|x64.Build.0 = Release|Any CPU
		{45EE478B-DB28-4EB5-8765-64CB71E130AF}.Release|x86.ActiveCfg = Release|Any CPU
		{45EE478B-DB28-4EB5-8765-64CB71E130AF}.Release|x86.Build.0 = Release|Any CPU
		{5520B537-FDE9-4BCC-8C24-59F5D66F233A}.Debug|Any CPU.ActiveCfg = Debug|Any CPU
		{5520B537-FDE9-4BCC-8C24-59F5D66F233A}.Debug|Any CPU.Build.0 = Debug|Any CPU
		{5520B537-FDE9-4BCC-8C24-59F5D66F233A}.Debug|x64.ActiveCfg = Debug|Any CPU
		{5520B537-FDE9-4BCC-8C24-59F5D66F233A}.Debug|x64.Build.0 = Debug|Any CPU
		{5520B537-FDE9-4BCC-8C24-59F5D66F233A}.Debug|x86.ActiveCfg = Debug|Any CPU
		{5520B537-FDE9-4BCC-8C24-59F5D66F233A}.Debug|x86.Build.0 = Debug|Any CPU
		{5520B537-FDE9-4BCC-8C24-59F5D66F233A}.Release|Any CPU.ActiveCfg = Release|Any CPU
		{5520B537-FDE9-4BCC-8C24-59F5D66F233A}.Release|Any CPU.Build.0 = Release|Any CPU
		{5520B537-FDE9-4BCC-8C24-59F5D66F233A}.Release|x64.ActiveCfg = Release|Any CPU
		{5520B537-FDE9-4BCC-8C24-59F5D66F233A}.Release|x64.Build.0 = Release|Any CPU
		{5520B537-FDE9-4BCC-8C24-59F5D66F233A}.Release|x86.ActiveCfg = Release|Any CPU
		{5520B537-FDE9-4BCC-8C24-59F5D66F233A}.Release|x86.Build.0 = Release|Any CPU
		{B2C3D4E5-F6A7-8901-BCDE-F12345678901}.Debug|Any CPU.ActiveCfg = Debug|Any CPU
		{B2C3D4E5-F6A7-8901-BCDE-F12345678901}.Debug|Any CPU.Build.0 = Debug|Any CPU
		{B2C3D4E5-F6A7-8901-BCDE-F12345678901}.Debug|x64.ActiveCfg = Debug|Any CPU
		{B2C3D4E5-F6A7-8901-BCDE-F12345678901}.Debug|x64.Build.0 = Debug|Any CPU
		{B2C3D4E5-F6A7-8901-BCDE-F12345678901}.Debug|x86.ActiveCfg = Debug|Any CPU
		{B2C3D4E5-F6A7-8901-BCDE-F12345678901}.Debug|x86.Build.0 = Debug|Any CPU
		{B2C3D4E5-F6A7-8901-BCDE-F12345678901}.Release|Any CPU.ActiveCfg = Release|Any CPU
		{B2C3D4E5-F6A7-8901-BCDE-F12345678901}.Release|Any CPU.Build.0 = Release|Any CPU
		{B2C3D4E5-F6A7-8901-BCDE-F12345678901}.Release|x64.ActiveCfg = Release|Any CPU
		{B2C3D4E5-F6A7-8901-BCDE-F12345678901}.Release|x64.Build.0 = Release|Any CPU
		{B2C3D4E5-F6A7-8901-BCDE-F12345678901}.Release|x86.ActiveCfg = Release|Any CPU
		{B2C3D4E5-F6A7-8901-BCDE-F12345678901}.Release|x86.Build.0 = Release|Any CPU
		{C3D4E5F6-A7B8-9012-CDEF-123456789012}.Debug|Any CPU.ActiveCfg = Debug|Any CPU
		{C3D4E5F6-A7B8-9012-CDEF-123456789012}.Debug|Any CPU.Build.0 = Debug|Any CPU
		{C3D4E5F6-A7B8-9012-CDEF-123456789012}.Debug|x64.ActiveCfg = Debug|Any CPU
		{C3D4E5F6-A7B8-9012-CDEF-123456789012}.Debug|x64.Build.0 = Debug|Any CPU
		{C3D4E5F6-A7B8-9012-CDEF-123456789012}.Debug|x86.ActiveCfg = Debug|Any CPU
		{C3D4E5F6-A7B8-9012-CDEF-123456789012}.Debug|x86.Build.0 = Debug|Any CPU
		{C3D4E5F6-A7B8-9012-CDEF-123456789012}.Release|Any CPU.ActiveCfg = Release|Any CPU
		{C3D4E5F6-A7B8-9012-CDEF-123456789012}.Release|Any CPU.Build.0 = Release|Any CPU
		{C3D4E5F6-A7B8-9012-CDEF-123456789012}.Release|x64.ActiveCfg = Release|Any CPU
		{C3D4E5F6-A7B8-9012-CDEF-123456789012}.Release|x64.Build.0 = Release|Any CPU
		{C3D4E5F6-A7B8-9012-CDEF-123456789012}.Release|x86.ActiveCfg = Release|Any CPU
		{C3D4E5F6-A7B8-9012-CDEF-123456789012}.Release|x86.Build.0 = Release|Any CPU
	EndGlobalSection
	GlobalSection(SolutionProperties) = preSolution
		HideSolutionNode = FALSE
	EndGlobalSection
	GlobalSection(NestedProjects) = preSolution
		{40CB5C2E-C0F4-4A0D-90EE-93AC9B829AFE} = {827E0CD3-B72D-47B6-A68D-7590B98EB39B}
		{85F909CB-8F14-ECC8-BA9D-713D1771907F} = {827E0CD3-B72D-47B6-A68D-7590B98EB39B}
		{5035A31C-2193-4E45-A445-2C5ED1F575EE} = {85F909CB-8F14-ECC8-BA9D-713D1771907F}
		{EC447DCF-ABFA-6E24-52A5-D7FD48A5C558} = {827E0CD3-B72D-47B6-A68D-7590B98EB39B}
		{0EC62A1A-9858-3A60-8A0C-FC9AACFA2EC7} = {EC447DCF-ABFA-6E24-52A5-D7FD48A5C558}
		{3DD816A9-4D11-4762-8750-B77F104506CE} = {0EC62A1A-9858-3A60-8A0C-FC9AACFA2EC7}
		{09169A1D-6452-4C8C-943E-95B9BC5C90A7} = {0EC62A1A-9858-3A60-8A0C-FC9AACFA2EC7}
		{1E1EF545-4C18-AEE2-B997-7EF431518D3F} = {EC447DCF-ABFA-6E24-52A5-D7FD48A5C558}
		{CFBEE944-8022-4814-99C6-175C12E5814E} = {1E1EF545-4C18-AEE2-B997-7EF431518D3F}
		{01649A0C-EB09-4AF3-BD1D-D910AB6D2305} = {1E1EF545-4C18-AEE2-B997-7EF431518D3F}
		{7C7CF50A-0D15-13C7-5A99-B2A25455D9BA} = {EC447DCF-ABFA-6E24-52A5-D7FD48A5C558}
		{E4173315-3E2D-4C56-9720-31247796D252} = {7C7CF50A-0D15-13C7-5A99-B2A25455D9BA}
		{8243F661-4B42-4F12-A1FA-217104DB6962} = {7C7CF50A-0D15-13C7-5A99-B2A25455D9BA}
		{1652FDBE-FD70-10D2-8806-7EAA51A58284} = {EC447DCF-ABFA-6E24-52A5-D7FD48A5C558}
		{F0912B6E-7807-4B62-97CE-E01AAC2249D7} = {1652FDBE-FD70-10D2-8806-7EAA51A58284}
		{E6C56489-D4AD-4ECC-BF63-B5E5A85D2F45} = {1652FDBE-FD70-10D2-8806-7EAA51A58284}
		{A1B2C3D4-E5F6-7890-ABCD-EF1234567890} = {EC447DCF-ABFA-6E24-52A5-D7FD48A5C558}
		{B2C3D4E5-F6A7-8901-BCDE-F12345678901} = {A1B2C3D4-E5F6-7890-ABCD-EF1234567890}
		{C3D4E5F6-A7B8-9012-CDEF-123456789012} = {A1B2C3D4-E5F6-7890-ABCD-EF1234567890}
		{9048EB7F-3875-A59E-E36B-5BD4C6F2A282} = {827E0CD3-B72D-47B6-A68D-7590B98EB39B}
		{ACD12B78-C139-42FB-9F0F-64F93D6D3725} = {9048EB7F-3875-A59E-E36B-5BD4C6F2A282}
		{0FB62521-C185-4E8B-8465-E790C39FCE2C} = {9048EB7F-3875-A59E-E36B-5BD4C6F2A282}
		{61C7B7AC-4303-410C-8C60-B917CF477E20} = {9048EB7F-3875-A59E-E36B-5BD4C6F2A282}
		{66217398-8489-4AAA-BFD6-038351132544} = {0AB3BF05-4346-4AA6-1389-037BE0695223}
		{D2CC5450-0476-4868-8D64-0BD518CD84AC} = {0AB3BF05-4346-4AA6-1389-037BE0695223}
		{B0AF88BD-76E0-4517-A148-96C947881371} = {9123F88B-E531-3118-42D7-ED8CEF4BD00E}
		{45EE478B-DB28-4EB5-8765-64CB71E130AF} = {827E0CD3-B72D-47B6-A68D-7590B98EB39B}
		{5520B537-FDE9-4BCC-8C24-59F5D66F233A} = {07C2787E-EAC7-C090-1BA3-A61EC2A24D84}
	EndGlobalSection
EndGlobal
